
Microsoft Visual Studio Solution File, Format Version 12.00
# Visual Studio 2012
Project("{FAE04EC0-301F-11D3-BF4B-00C04F79EFBC}") = "carsalemanagementsystem", "carsalemanagementsystem\carsalemanagementsystem.csproj", "{8C9C2BD5-1AA2-4518-8DDA-0384AFC8CC82}"
EndProject
Global
	GlobalSection(SolutionConfigurationPlatforms) = preSolution
		Debug|Any CPU = Debug|Any CPU
		Release|Any CPU = Release|Any CPU
	EndGlobalSection
	GlobalSection(ProjectConfigurationPlatforms) = postSolution
		{8C9C2BD5-1AA2-4518-8DDA-0384AFC8CC82}.Debug|Any CPU.ActiveCfg = Debug|Any CPU
		{8C9C2BD5-1AA2-4518-8DDA-0384AFC8CC82}.Debug|Any CPU.Build.0 = Debug|Any CPU
		{8C9C2BD5-1AA2-4518-8DDA-0384AFC8CC82}.Release|Any CPU.ActiveCfg = Release|Any CPU
		{8C9C2BD5-1AA2-4518-8DDA-0384AFC8CC82}.Release|Any CPU.Build.0 = Release|Any CPU
	EndGlobalSection
	GlobalSection(SolutionProperties) = preSolution
		HideSolutionNode = FALSE
	EndGlobalSection
EndGlobal
